
Microsoft Visual Studio Solution File, Format Version 12.00
# Visual Studio 15
VisualStudioVersion = 15.0.28307.106
MinimumVisualStudioVersion = 10.0.40219.1
Project("{FAE04EC0-301F-11D3-BF4B-00C04F79EFBC}") = "InventorySystem", "InventorySystem\InventorySystem.csproj", "{87186217-1EF8-4994-89F0-96EDD740A0F0}"
EndProject
Global
	GlobalSection(SolutionConfigurationPlatforms) = preSolution
		Debug|Any CPU = Debug|Any CPU
		Release|Any CPU = Release|Any CPU
	EndGlobalSection
	GlobalSection(ProjectConfigurationPlatforms) = postSolution
		{87186217-1EF8-4994-89F0-96EDD740A0F0}.Debug|Any CPU.ActiveCfg = Debug|Any CPU
		{87186217-1EF8-4994-89F0-96EDD740A0F0}.Debug|Any CPU.Build.0 = Debug|Any CPU
		{87186217-1EF8-4994-89F0-96EDD740A0F0}.Release|Any CPU.ActiveCfg = Release|Any CPU
		{87186217-1EF8-4994-89F0-96EDD740A0F0}.Release|Any CPU.Build.0 = Release|Any CPU
	EndGlobalSection
	GlobalSection(SolutionProperties) = preSolution
		HideSolutionNode = FALSE
	EndGlobalSection
	GlobalSection(ExtensibilityGlobals) = postSolution
		SolutionGuid = {A00AB871-A57F-4BE5-B32F-3A0F7C81D45D}
	EndGlobalSection
EndGlobal
